
Microsoft Visual Studio Solution File, Format Version 12.00
# Visual Studio Version 17
VisualStudioVersion = 17.9.34728.123
MinimumVisualStudioVersion = 10.0.40219.1
Project("{FAE04EC0-301F-11D3-BF4B-00C04F79EFBC}") = "Check", "Check\Check.csproj", "{F1350C05-646E-41FA-BC28-53703E6538AD}"
EndProject
Global
	GlobalSection(SolutionConfigurationPlatforms) = preSolution
		Debug|Any CPU = Debug|Any CPU
		Release|Any CPU = Release|Any CPU
	EndGlobalSection
	GlobalSection(ProjectConfigurationPlatforms) = postSolution
		{F1350C05-646E-41FA-BC28-53703E6538AD}.Debug|Any CPU.ActiveCfg = Debug|Any CPU
		{F1350C05-646E-41FA-BC28-53703E6538AD}.Debug|Any CPU.Build.0 = Debug|Any CPU
		{F1350C05-646E-41FA-BC28-53703E6538AD}.Release|Any CPU.ActiveCfg = Release|Any CPU
		{F1350C05-646E-41FA-BC28-53703E6538AD}.Release|Any CPU.Build.0 = Release|Any CPU
	EndGlobalSection
	GlobalSection(SolutionProperties) = preSolution
		HideSolutionNode = FALSE
	EndGlobalSection
	GlobalSection(ExtensibilityGlobals) = postSolution
		SolutionGuid = {DE06170A-770A-48E7-8895-D11BCCB6D205}
	EndGlobalSection
EndGlobal
